
Microsoft Visual Studio Solution File, Format Version 12.00
# Visual Studio 15
VisualStudioVersion = 15.0.28307.329
MinimumVisualStudioVersion = 10.0.40219.1
Project("{FAE04EC0-301F-11D3-BF4B-00C04F79EFBC}") = "Dog", "Dog\Dog.csproj", "{2895E263-E4D9-4E3E-A7B0-F49DDDB50907}"
EndProject
Global
	GlobalSection(SolutionConfigurationPlatforms) = preSolution
		Debug|Any CPU = Debug|Any CPU
		Release|Any CPU = Release|Any CPU
	EndGlobalSection
	GlobalSection(ProjectConfigurationPlatforms) = postSolution
		{2895E263-E4D9-4E3E-A7B0-F49DDDB50907}.Debug|Any CPU.ActiveCfg = Debug|Any CPU
		{2895E263-E4D9-4E3E-A7B0-F49DDDB50907}.Debug|Any CPU.Build.0 = Debug|Any CPU
		{2895E263-E4D9-4E3E-A7B0-F49DDDB50907}.Release|Any CPU.ActiveCfg = Release|Any CPU
		{2895E263-E4D9-4E3E-A7B0-F49DDDB50907}.Release|Any CPU.Build.0 = Release|Any CPU
	EndGlobalSection
	GlobalSection(SolutionProperties) = preSolution
		HideSolutionNode = FALSE
	EndGlobalSection
	GlobalSection(ExtensibilityGlobals) = postSolution
		SolutionGuid = {C7803477-2DFF-4884-BE4B-A6C722B19134}
	EndGlobalSection
EndGlobal
